
Microsoft Visual Studio Solution File, Format Version 12.00
# Visual Studio Version 17
VisualStudioVersion = 17.12.35323.107
MinimumVisualStudioVersion = 10.0.40219.1
Project("{FAE04EC0-301F-11D3-BF4B-00C04F79EFBC}") = "Biogenom.API", "Biogenom.API\Biogenom.API.csproj", "{2D0FD79A-7765-41EC-9247-80F9D56852B2}"
EndProject
Project("{FAE04EC0-301F-11D3-BF4B-00C04F79EFBC}") = "Biogenom.Shared", "Biogenom.Shared\Biogenom.Shared.csproj", "{C43DD035-A939-404E-91AE-C06A6D046245}"
EndProject
Global
	GlobalSection(SolutionConfigurationPlatforms) = preSolution
		Debug|Any CPU = Debug|Any CPU
		Release|Any CPU = Release|Any CPU
	EndGlobalSection
	GlobalSection(ProjectConfigurationPlatforms) = postSolution
		{2D0FD79A-7765-41EC-9247-80F9D56852B2}.Debug|Any CPU.ActiveCfg = Debug|Any CPU
		{2D0FD79A-7765-41EC-9247-80F9D56852B2}.Debug|Any CPU.Build.0 = Debug|Any CPU
		{2D0FD79A-7765-41EC-9247-80F9D56852B2}.Release|Any CPU.ActiveCfg = Release|Any CPU
		{2D0FD79A-7765-41EC-9247-80F9D56852B2}.Release|Any CPU.Build.0 = Release|Any CPU
		{C43DD035-A939-404E-91AE-C06A6D046245}.Debug|Any CPU.ActiveCfg = Debug|Any CPU
		{C43DD035-A939-404E-91AE-C06A6D046245}.Debug|Any CPU.Build.0 = Debug|Any CPU
		{C43DD035-A939-404E-91AE-C06A6D046245}.Release|Any CPU.ActiveCfg = Release|Any CPU
		{C43DD035-A939-404E-91AE-C06A6D046245}.Release|Any CPU.Build.0 = Release|Any CPU
	EndGlobalSection
	GlobalSection(SolutionProperties) = preSolution
		HideSolutionNode = FALSE
	EndGlobalSection
	GlobalSection(ExtensibilityGlobals) = postSolution
		SolutionGuid = {0BF7BC4C-AD23-4E75-93A6-7416C870939C}
	EndGlobalSection
EndGlobal
